
Microsoft Visual Studio Solution File, Format Version 12.00
# Visual Studio Version 17
VisualStudioVersion = 17.3.32922.545
MinimumVisualStudioVersion = 10.0.40219.1
Project("{9A19103F-16F7-4668-BE54-9A1E7A4F7556}") = "Banque Console", "Banque Console.csproj", "{1E1AD8B5-B998-4765-AED9-0963F8482084}"
EndProject
Global
	GlobalSection(SolutionConfigurationPlatforms) = preSolution
		Debug|Any CPU = Debug|Any CPU
		Release|Any CPU = Release|Any CPU
	EndGlobalSection
	GlobalSection(ProjectConfigurationPlatforms) = postSolution
		{1E1AD8B5-B998-4765-AED9-0963F8482084}.Debug|Any CPU.ActiveCfg = Debug|Any CPU
		{1E1AD8B5-B998-4765-AED9-0963F8482084}.Debug|Any CPU.Build.0 = Debug|Any CPU
		{1E1AD8B5-B998-4765-AED9-0963F8482084}.Release|Any CPU.ActiveCfg = Release|Any CPU
		{1E1AD8B5-B998-4765-AED9-0963F8482084}.Release|Any CPU.Build.0 = Release|Any CPU
	EndGlobalSection
	GlobalSection(SolutionProperties) = preSolution
		HideSolutionNode = FALSE
	EndGlobalSection
	GlobalSection(ExtensibilityGlobals) = postSolution
		SolutionGuid = {7BB67B92-0CCC-4CFD-96C0-61EBD94195E9}
	EndGlobalSection
EndGlobal
